// !$*UTF8*$!
{
	archiveVersion = 1;
	classes = {
	};
	objectVersion = 46;
	objects = {

/* Begin PBXBuildFile section */
		5512F29E18BCE14B0021CBB9 /* AdSupport.framework in Frameworks */ = {isa = PBXBuildFile; fileRef = 5512F29D18BCE14B0021CBB9 /* AdSupport.framework */; settings = {ATTRIBUTES = (Required, ); }; };
		552C6BCB18C9AF3F00391FA2 /* AMoAdSDK.a in Frameworks */ = {isa = PBXBuildFile; fileRef = 552C6BC818C9AF3F00391FA2 /* AMoAdSDK.a */; };
		552C6BCC18C9AF3F00391FA2 /* AMoAdSettings.txt in Resources */ = {isa = PBXBuildFile; fileRef = 552C6BCA18C9AF3F00391FA2 /* AMoAdSettings.txt */; };
		55309E0818E7290A00B8B622 /* icon-29.png in Resources */ = {isa = PBXBuildFile; fileRef = 55309E0118E7290A00B8B622 /* icon-29.png */; };
		55309E0918E7290A00B8B622 /* icon-40.png in Resources */ = {isa = PBXBuildFile; fileRef = 55309E0218E7290A00B8B622 /* icon-40.png */; };
		55309E0A18E7290A00B8B622 /* icon-58.png in Resources */ = {isa = PBXBuildFile; fileRef = 55309E0318E7290A00B8B622 /* icon-58.png */; };
		55309E0B18E7290A00B8B622 /* icon-76.png in Resources */ = {isa = PBXBuildFile; fileRef = 55309E0418E7290A00B8B622 /* icon-76.png */; };
		55309E0C18E7290A00B8B622 /* icon-80.png in Resources */ = {isa = PBXBuildFile; fileRef = 55309E0518E7290A00B8B622 /* icon-80.png */; };
		55309E0D18E7290A00B8B622 /* icon-114.png in Resources */ = {isa = PBXBuildFile; fileRef = 55309E0618E7290A00B8B622 /* icon-114.png */; };
		55309E0E18E7290A00B8B622 /* icon-152.png in Resources */ = {isa = PBXBuildFile; fileRef = 55309E0718E7290A00B8B622 /* icon-152.png */; };
		55309E1318E7FDAC00B8B622 /* timer_sound.mp3 in Resources */ = {isa = PBXBuildFile; fileRef = 55309E1218E7FDAC00B8B622 /* timer_sound.mp3 */; };
		55309E1518E859E500B8B622 /* icon-57.png in Resources */ = {isa = PBXBuildFile; fileRef = 55309E1418E859E500B8B622 /* icon-57.png */; };
		5540329A18B4EAEB00C81505 /* SettingView.m in Sources */ = {isa = PBXBuildFile; fileRef = 5540329918B4EAEB00C81505 /* SettingView.m */; };
		5540329D18B4EB0400C81505 /* StartView.m in Sources */ = {isa = PBXBuildFile; fileRef = 5540329C18B4EB0400C81505 /* StartView.m */; };
		554032A018B4EB2200C81505 /* TimerView.m in Sources */ = {isa = PBXBuildFile; fileRef = 5540329F18B4EB2200C81505 /* TimerView.m */; };
		5576D84E18B3A54C008AD853 /* Foundation.framework in Frameworks */ = {isa = PBXBuildFile; fileRef = 5576D84D18B3A54C008AD853 /* Foundation.framework */; };
		5576D85018B3A54C008AD853 /* CoreGraphics.framework in Frameworks */ = {isa = PBXBuildFile; fileRef = 5576D84F18B3A54C008AD853 /* CoreGraphics.framework */; };
		5576D85218B3A54C008AD853 /* UIKit.framework in Frameworks */ = {isa = PBXBuildFile; fileRef = 5576D85118B3A54C008AD853 /* UIKit.framework */; };
		5576D85818B3A54C008AD853 /* InfoPlist.strings in Resources */ = {isa = PBXBuildFile; fileRef = 5576D85618B3A54C008AD853 /* InfoPlist.strings */; };
		5576D85A18B3A54C008AD853 /* main.m in Sources */ = {isa = PBXBuildFile; fileRef = 5576D85918B3A54C008AD853 /* main.m */; };
		5576D85E18B3A54C008AD853 /* AppDelegate.m in Sources */ = {isa = PBXBuildFile; fileRef = 5576D85D18B3A54C008AD853 /* AppDelegate.m */; };
		5576D86118B3A54D008AD853 /* Main_iPhone.storyboard in Resources */ = {isa = PBXBuildFile; fileRef = 5576D85F18B3A54D008AD853 /* Main_iPhone.storyboard */; };
		5576D86418B3A54D008AD853 /* Main_iPad.storyboard in Resources */ = {isa = PBXBuildFile; fileRef = 5576D86218B3A54D008AD853 /* Main_iPad.storyboard */; };
		5576D86718B3A54D008AD853 /* MainViewController.m in Sources */ = {isa = PBXBuildFile; fileRef = 5576D86618B3A54D008AD853 /* MainViewController.m */; };
		5576D86918B3A54D008AD853 /* Images.xcassets in Resources */ = {isa = PBXBuildFile; fileRef = 5576D86818B3A54D008AD853 /* Images.xcassets */; };
		55D32FE318F64BB400BD8547 /* Localizable.strings in Resources */ = {isa = PBXBuildFile; fileRef = 55D32FE518F64BB400BD8547 /* Localizable.strings */; };
		55F7A58618DE76D5000E25A5 /* 1.png in Resources */ = {isa = PBXBuildFile; fileRef = 55F7A57B18DE76D5000E25A5 /* 1.png */; };
		55F7A58718DE76D5000E25A5 /* 2.png in Resources */ = {isa = PBXBuildFile; fileRef = 55F7A57C18DE76D5000E25A5 /* 2.png */; };
		55F7A58818DE76D5000E25A5 /* 3.png in Resources */ = {isa = PBXBuildFile; fileRef = 55F7A57D18DE76D5000E25A5 /* 3.png */; };
		55F7A58918DE76D5000E25A5 /* cencel.png in Resources */ = {isa = PBXBuildFile; fileRef = 55F7A57E18DE76D5000E25A5 /* cencel.png */; };
		55F7A58A18DE76D5000E25A5 /* moreapp.png in Resources */ = {isa = PBXBuildFile; fileRef = 55F7A57F18DE76D5000E25A5 /* moreapp.png */; };
		55F7A58B18DE76D5000E25A5 /* pause.png in Resources */ = {isa = PBXBuildFile; fileRef = 55F7A58018DE76D5000E25A5 /* pause.png */; };
		55F7A58C18DE76D5000E25A5 /* resume.png in Resources */ = {isa = PBXBuildFile; fileRef = 55F7A58118DE76D5000E25A5 /* resume.png */; };
		55F7A58D18DE76D5000E25A5 /* setting.png in Resources */ = {isa = PBXBuildFile; fileRef = 55F7A58218DE76D5000E25A5 /* setting.png */; };
		55F7A58E18DE76D5000E25A5 /* start.png in Resources */ = {isa = PBXBuildFile; fileRef = 55F7A58318DE76D5000E25A5 /* start.png */; };
		55F7A58F18DE76D5000E25A5 /* store.png in Resources */ = {isa = PBXBuildFile; fileRef = 55F7A58418DE76D5000E25A5 /* store.png */; };
		55F7A59018DE76D5000E25A5 /* timer.png in Resources */ = {isa = PBXBuildFile; fileRef = 55F7A58518DE76D5000E25A5 /* timer.png */; };
		55F7A59318DEE44B000E25A5 /* Icon-120.png in Resources */ = {isa = PBXBuildFile; fileRef = 55F7A59218DEE44B000E25A5 /* Icon-120.png */; };
		55F7A59518DF3146000E25A5 /* AVFoundation.framework in Frameworks */ = {isa = PBXBuildFile; fileRef = 55F7A59418DF3146000E25A5 /* AVFoundation.framework */; };
		55F7A59718DF3195000E25A5 /* AudioToolbox.framework in Frameworks */ = {isa = PBXBuildFile; fileRef = 55F7A59618DF3195000E25A5 /* AudioToolbox.framework */; };
		55F7A5A318DF4C61000E25A5 /* 1_h.png in Resources */ = {isa = PBXBuildFile; fileRef = 55F7A59818DF4C61000E25A5 /* 1_h.png */; };
		55F7A5A418DF4C61000E25A5 /* 2_h.png in Resources */ = {isa = PBXBuildFile; fileRef = 55F7A59918DF4C61000E25A5 /* 2_h.png */; };
		55F7A5A518DF4C61000E25A5 /* 3_h.png in Resources */ = {isa = PBXBuildFile; fileRef = 55F7A59A18DF4C61000E25A5 /* 3_h.png */; };
		55F7A5A618DF4C61000E25A5 /* cancel_h.png in Resources */ = {isa = PBXBuildFile; fileRef = 55F7A59B18DF4C61000E25A5 /* cancel_h.png */; };
		55F7A5A718DF4C61000E25A5 /* moreapp_h.png in Resources */ = {isa = PBXBuildFile; fileRef = 55F7A59C18DF4C61000E25A5 /* moreapp_h.png */; };
		55F7A5A818DF4C61000E25A5 /* pause_h.png in Resources */ = {isa = PBXBuildFile; fileRef = 55F7A59D18DF4C61000E25A5 /* pause_h.png */; };
		55F7A5A918DF4C61000E25A5 /* resume_h.png in Resources */ = {isa = PBXBuildFile; fileRef = 55F7A59E18DF4C61000E25A5 /* resume_h.png */; };
		55F7A5AA18DF4C61000E25A5 /* setting_h.png in Resources */ = {isa = PBXBuildFile; fileRef = 55F7A59F18DF4C61000E25A5 /* setting_h.png */; };
		55F7A5AB18DF4C61000E25A5 /* start_h.png in Resources */ = {isa = PBXBuildFile; fileRef = 55F7A5A018DF4C61000E25A5 /* start_h.png */; };
		55F7A5AC18DF4C61000E25A5 /* store_h.png in Resources */ = {isa = PBXBuildFile; fileRef = 55F7A5A118DF4C61000E25A5 /* store_h.png */; };
		55F7A5AD18DF4C61000E25A5 /* timer_h.png in Resources */ = {isa = PBXBuildFile; fileRef = 55F7A5A218DF4C61000E25A5 /* timer_h.png */; };
/* End PBXBuildFile section */

/* Begin PBXFileReference section */
		5512F29D18BCE14B0021CBB9 /* AdSupport.framework */ = {isa = PBXFileReference; lastKnownFileType = wrapper.framework; name = AdSupport.framework; path = System/Library/Frameworks/AdSupport.framework; sourceTree = SDKROOT; };
		552C6BC818C9AF3F00391FA2 /* AMoAdSDK.a */ = {isa = PBXFileReference; lastKnownFileType = archive.ar; path = AMoAdSDK.a; sourceTree = "<group>"; };
		552C6BC918C9AF3F00391FA2 /* AMoAdSDK.h */ = {isa = PBXFileReference; fileEncoding = 4; lastKnownFileType = sourcecode.c.h; path = AMoAdSDK.h; sourceTree = "<group>"; };
		552C6BCA18C9AF3F00391FA2 /* AMoAdSettings.txt */ = {isa = PBXFileReference; fileEncoding = 4; lastKnownFileType = text; path = AMoAdSettings.txt; sourceTree = "<group>"; };
		55309E0118E7290A00B8B622 /* icon-29.png */ = {isa = PBXFileReference; lastKnownFileType = image.png; name = "icon-29.png"; path = "res/icon-29.png"; sourceTree = "<group>"; };
		55309E0218E7290A00B8B622 /* icon-40.png */ = {isa = PBXFileReference; lastKnownFileType = image.png; name = "icon-40.png"; path = "res/icon-40.png"; sourceTree = "<group>"; };
		55309E0318E7290A00B8B622 /* icon-58.png */ = {isa = PBXFileReference; lastKnownFileType = image.png; name = "icon-58.png"; path = "res/icon-58.png"; sourceTree = "<group>"; };
		55309E0418E7290A00B8B622 /* icon-76.png */ = {isa = PBXFileReference; lastKnownFileType = image.png; name = "icon-76.png"; path = "res/icon-76.png"; sourceTree = "<group>"; };
		55309E0518E7290A00B8B622 /* icon-80.png */ = {isa = PBXFileReference; lastKnownFileType = image.png; name = "icon-80.png"; path = "res/icon-80.png"; sourceTree = "<group>"; };
		55309E0618E7290A00B8B622 /* icon-114.png */ = {isa = PBXFileReference; lastKnownFileType = image.png; name = "icon-114.png"; path = "res/icon-114.png"; sourceTree = "<group>"; };
		55309E0718E7290A00B8B622 /* icon-152.png */ = {isa = PBXFileReference; lastKnownFileType = image.png; name = "icon-152.png"; path = "res/icon-152.png"; sourceTree = "<group>"; };
		55309E1218E7FDAC00B8B622 /* timer_sound.mp3 */ = {isa = PBXFileReference; lastKnownFileType = audio.mp3; path = timer_sound.mp3; sourceTree = "<group>"; };
		55309E1418E859E500B8B622 /* icon-57.png */ = {isa = PBXFileReference; lastKnownFileType = image.png; name = "icon-57.png"; path = "res/icon-57.png"; sourceTree = "<group>"; };
		5540329818B4EAEB00C81505 /* SettingView.h */ = {isa = PBXFileReference; fileEncoding = 4; lastKnownFileType = sourcecode.c.h; path = SettingView.h; sourceTree = "<group>"; };
		5540329918B4EAEB00C81505 /* SettingView.m */ = {isa = PBXFileReference; fileEncoding = 4; lastKnownFileType = sourcecode.c.objc; path = SettingView.m; sourceTree = "<group>"; };
		5540329B18B4EB0400C81505 /* StartView.h */ = {isa = PBXFileReference; fileEncoding = 4; lastKnownFileType = sourcecode.c.h; path = StartView.h; sourceTree = "<group>"; };
		5540329C18B4EB0400C81505 /* StartView.m */ = {isa = PBXFileReference; fileEncoding = 4; lastKnownFileType = sourcecode.c.objc; path = StartView.m; sourceTree = "<group>"; };
		5540329E18B4EB2200C81505 /* TimerView.h */ = {isa = PBXFileReference; fileEncoding = 4; lastKnownFileType = sourcecode.c.h; path = TimerView.h; sourceTree = "<group>"; };
		5540329F18B4EB2200C81505 /* TimerView.m */ = {isa = PBXFileReference; fileEncoding = 4; lastKnownFileType = sourcecode.c.objc; path = TimerView.m; sourceTree = "<group>"; };
		5576D84A18B3A54C008AD853 /* InstantlyTimer.app */ = {isa = PBXFileReference; explicitFileType = wrapper.application; includeInIndex = 0; path = InstantlyTimer.app; sourceTree = BUILT_PRODUCTS_DIR; };
		5576D84D18B3A54C008AD853 /* Foundation.framework */ = {isa = PBXFileReference; lastKnownFileType = wrapper.framework; name = Foundation.framework; path = System/Library/Frameworks/Foundation.framework; sourceTree = SDKROOT; };
		5576D84F18B3A54C008AD853 /* CoreGraphics.framework */ = {isa = PBXFileReference; lastKnownFileType = wrapper.framework; name = CoreGraphics.framework; path = System/Library/Frameworks/CoreGraphics.framework; sourceTree = SDKROOT; };
		5576D85118B3A54C008AD853 /* UIKit.framework */ = {isa = PBXFileReference; lastKnownFileType = wrapper.framework; name = UIKit.framework; path = System/Library/Frameworks/UIKit.framework; sourceTree = SDKROOT; };
		5576D85518B3A54C008AD853 /* InstantlyTimer-Info.plist */ = {isa = PBXFileReference; lastKnownFileType = text.plist.xml; path = "InstantlyTimer-Info.plist"; sourceTree = "<group>"; };
		5576D85718B3A54C008AD853 /* en */ = {isa = PBXFileReference; lastKnownFileType = text.plist.strings; name = en; path = en.lproj/InfoPlist.strings; sourceTree = "<group>"; };
		5576D85918B3A54C008AD853 /* main.m */ = {isa = PBXFileReference; lastKnownFileType = sourcecode.c.objc; path = main.m; sourceTree = "<group>"; };
		5576D85B18B3A54C008AD853 /* InstantlyTimer-Prefix.pch */ = {isa = PBXFileReference; lastKnownFileType = sourcecode.c.h; path = "InstantlyTimer-Prefix.pch"; sourceTree = "<group>"; };
		5576D85C18B3A54C008AD853 /* AppDelegate.h */ = {isa = PBXFileReference; lastKnownFileType = sourcecode.c.h; path = AppDelegate.h; sourceTree = "<group>"; };
		5576D85D18B3A54C008AD853 /* AppDelegate.m */ = {isa = PBXFileReference; lastKnownFileType = sourcecode.c.objc; path = AppDelegate.m; sourceTree = "<group>"; };
		5576D86018B3A54D008AD853 /* Base */ = {isa = PBXFileReference; lastKnownFileType = file.storyboard; name = Base; path = Base.lproj/Main_iPhone.storyboard; sourceTree = "<group>"; };
		5576D86318B3A54D008AD853 /* Base */ = {isa = PBXFileReference; lastKnownFileType = file.storyboard; name = Base; path = Base.lproj/Main_iPad.storyboard; sourceTree = "<group>"; };
		5576D86518B3A54D008AD853 /* MainViewController.h */ = {isa = PBXFileReference; lastKnownFileType = sourcecode.c.h; path = MainViewController.h; sourceTree = "<group>"; };
		5576D86618B3A54D008AD853 /* MainViewController.m */ = {isa = PBXFileReference; lastKnownFileType = sourcecode.c.objc; path = MainViewController.m; sourceTree = "<group>"; };
		5576D86818B3A54D008AD853 /* Images.xcassets */ = {isa = PBXFileReference; lastKnownFileType = folder.assetcatalog; path = Images.xcassets; sourceTree = "<group>"; };
		5576D86F18B3A54D008AD853 /* XCTest.framework */ = {isa = PBXFileReference; lastKnownFileType = wrapper.framework; name = XCTest.framework; path = Library/Frameworks/XCTest.framework; sourceTree = DEVELOPER_DIR; };
		55D32FDF18F61F8F00BD8547 /* ja */ = {isa = PBXFileReference; lastKnownFileType = text.plist.strings; name = ja; path = ja.lproj/InfoPlist.strings; sourceTree = "<group>"; };
		55D32FE418F64BB400BD8547 /* en */ = {isa = PBXFileReference; lastKnownFileType = text.plist.strings; name = en; path = en.lproj/Localizable.strings; sourceTree = "<group>"; };
		55D32FEB18F64C0800BD8547 /* ja */ = {isa = PBXFileReference; lastKnownFileType = text.plist.strings; name = ja; path = ja.lproj/Localizable.strings; sourceTree = "<group>"; };
		55F7A57B18DE76D5000E25A5 /* 1.png */ = {isa = PBXFileReference; lastKnownFileType = image.png; name = 1.png; path = res/1.png; sourceTree = "<group>"; };
		55F7A57C18DE76D5000E25A5 /* 2.png */ = {isa = PBXFileReference; lastKnownFileType = image.png; name = 2.png; path = res/2.png; sourceTree = "<group>"; };
		55F7A57D18DE76D5000E25A5 /* 3.png */ = {isa = PBXFileReference; lastKnownFileType = image.png; name = 3.png; path = res/3.png; sourceTree = "<group>"; };
		55F7A57E18DE76D5000E25A5 /* cencel.png */ = {isa = PBXFileReference; lastKnownFileType = image.png; name = cencel.png; path = res/cencel.png; sourceTree = "<group>"; };
		55F7A57F18DE76D5000E25A5 /* moreapp.png */ = {isa = PBXFileReference; lastKnownFileType = image.png; name = moreapp.png; path = res/moreapp.png; sourceTree = "<group>"; };
		55F7A58018DE76D5000E25A5 /* pause.png */ = {isa = PBXFileReference; lastKnownFileType = image.png; name = pause.png; path = res/pause.png; sourceTree = "<group>"; };
		55F7A58118DE76D5000E25A5 /* resume.png */ = {isa = PBXFileReference; lastKnownFileType = image.png; name = resume.png; path = res/resume.png; sourceTree = "<group>"; };
		55F7A58218DE76D5000E25A5 /* setting.png */ = {isa = PBXFileReference; lastKnownFileType = image.png; name = setting.png; path = res/setting.png; sourceTree = "<group>"; };
		55F7A58318DE76D5000E25A5 /* start.png */ = {isa = PBXFileReference; lastKnownFileType = image.png; name = start.png; path = res/start.png; sourceTree = "<group>"; };
		55F7A58418DE76D5000E25A5 /* store.png */ = {isa = PBXFileReference; lastKnownFileType = image.png; name = store.png; path = res/store.png; sourceTree = "<group>"; };
		55F7A58518DE76D5000E25A5 /* timer.png */ = {isa = PBXFileReference; lastKnownFileType = image.png; name = timer.png; path = res/timer.png; sourceTree = "<group>"; };
		55F7A59218DEE44B000E25A5 /* Icon-120.png */ = {isa = PBXFileReference; lastKnownFileType = image.png; name = "Icon-120.png"; path = "res/Icon-120.png"; sourceTree = "<group>"; };
		55F7A59418DF3146000E25A5 /* AVFoundation.framework */ = {isa = PBXFileReference; lastKnownFileType = wrapper.framework; name = AVFoundation.framework; path = System/Library/Frameworks/AVFoundation.framework; sourceTree = SDKROOT; };
		55F7A59618DF3195000E25A5 /* AudioToolbox.framework */ = {isa = PBXFileReference; lastKnownFileType = wrapper.framework; name = AudioToolbox.framework; path = System/Library/Frameworks/AudioToolbox.framework; sourceTree = SDKROOT; };
		55F7A59818DF4C61000E25A5 /* 1_h.png */ = {isa = PBXFileReference; lastKnownFileType = image.png; name = 1_h.png; path = res/1_h.png; sourceTree = "<group>"; };
		55F7A59918DF4C61000E25A5 /* 2_h.png */ = {isa = PBXFileReference; lastKnownFileType = image.png; name = 2_h.png; path = res/2_h.png; sourceTree = "<group>"; };
		55F7A59A18DF4C61000E25A5 /* 3_h.png */ = {isa = PBXFileReference; lastKnownFileType = image.png; name = 3_h.png; path = res/3_h.png; sourceTree = "<group>"; };
		55F7A59B18DF4C61000E25A5 /* cancel_h.png */ = {isa = PBXFileReference; lastKnownFileType = image.png; name = cancel_h.png; path = res/cancel_h.png; sourceTree = "<group>"; };
		55F7A59C18DF4C61000E25A5 /* moreapp_h.png */ = {isa = PBXFileReference; lastKnownFileType = image.png; name = moreapp_h.png; path = res/moreapp_h.png; sourceTree = "<group>"; };
		55F7A59D18DF4C61000E25A5 /* pause_h.png */ = {isa = PBXFileReference; lastKnownFileType = image.png; name = pause_h.png; path = res/pause_h.png; sourceTree = "<group>"; };
		55F7A59E18DF4C61000E25A5 /* resume_h.png */ = {isa = PBXFileReference; lastKnownFileType = image.png; name = resume_h.png; path = res/resume_h.png; sourceTree = "<group>"; };
		55F7A59F18DF4C61000E25A5 /* setting_h.png */ = {isa = PBXFileReference; lastKnownFileType = image.png; name = setting_h.png; path = res/setting_h.png; sourceTree = "<group>"; };
		55F7A5A018DF4C61000E25A5 /* start_h.png */ = {isa = PBXFileReference; lastKnownFileType = image.png; name = start_h.png; path = res/start_h.png; sourceTree = "<group>"; };
		55F7A5A118DF4C61000E25A5 /* store_h.png */ = {isa = PBXFileReference; lastKnownFileType = image.png; name = store_h.png; path = res/store_h.png; sourceTree = "<group>"; };
		55F7A5A218DF4C61000E25A5 /* timer_h.png */ = {isa = PBXFileReference; lastKnownFileType = image.png; name = timer_h.png; path = res/timer_h.png; sourceTree = "<group>"; };
/* End PBXFileReference section */

/* Begin PBXFrameworksBuildPhase section */
		5576D84718B3A54C008AD853 /* Frameworks */ = {
			isa = PBXFrameworksBuildPhase;
			buildActionMask = 2147483647;
			files = (
				55F7A59718DF3195000E25A5 /* AudioToolbox.framework in Frameworks */,
				55F7A59518DF3146000E25A5 /* AVFoundation.framework in Frameworks */,
				552C6BCB18C9AF3F00391FA2 /* AMoAdSDK.a in Frameworks */,
				5512F29E18BCE14B0021CBB9 /* AdSupport.framework in Frameworks */,
				5576D85018B3A54C008AD853 /* CoreGraphics.framework in Frameworks */,
				5576D85218B3A54C008AD853 /* UIKit.framework in Frameworks */,
				5576D84E18B3A54C008AD853 /* Foundation.framework in Frameworks */,
			);
			runOnlyForDeploymentPostprocessing = 0;
		};
/* End PBXFrameworksBuildPhase section */

/* Begin PBXGroup section */
		552C6BBB18C896C800391FA2 /* Class */ = {
			isa = PBXGroup;
			children = (
				552C6BC718C9AF3F00391FA2 /* applipromotion */,
				5540329818B4EAEB00C81505 /* SettingView.h */,
				5540329918B4EAEB00C81505 /* SettingView.m */,
				5540329B18B4EB0400C81505 /* StartView.h */,
				5540329C18B4EB0400C81505 /* StartView.m */,
				5540329E18B4EB2200C81505 /* TimerView.h */,
				5540329F18B4EB2200C81505 /* TimerView.m */,
				5576D85C18B3A54C008AD853 /* AppDelegate.h */,
				5576D85D18B3A54C008AD853 /* AppDelegate.m */,
				5576D86518B3A54D008AD853 /* MainViewController.h */,
				5576D86618B3A54D008AD853 /* MainViewController.m */,
			);
			name = Class;
			sourceTree = "<group>";
		};
		552C6BC718C9AF3F00391FA2 /* applipromotion */ = {
			isa = PBXGroup;
			children = (
				552C6BC818C9AF3F00391FA2 /* AMoAdSDK.a */,
				552C6BC918C9AF3F00391FA2 /* AMoAdSDK.h */,
				552C6BCA18C9AF3F00391FA2 /* AMoAdSettings.txt */,
			);
			path = applipromotion;
			sourceTree = "<group>";
		};
		55309E0F18E7291100B8B622 /* icon */ = {
			isa = PBXGroup;
			children = (
				55309E1418E859E500B8B622 /* icon-57.png */,
				55309E0118E7290A00B8B622 /* icon-29.png */,
				55309E0218E7290A00B8B622 /* icon-40.png */,
				55309E0318E7290A00B8B622 /* icon-58.png */,
				55309E0418E7290A00B8B622 /* icon-76.png */,
				55309E0518E7290A00B8B622 /* icon-80.png */,
				55309E0618E7290A00B8B622 /* icon-114.png */,
				55F7A59218DEE44B000E25A5 /* Icon-120.png */,
				55309E0718E7290A00B8B622 /* icon-152.png */,
			);
			name = icon;
			sourceTree = "<group>";
		};
		55309E1018E7292D00B8B622 /* highlight */ = {
			isa = PBXGroup;
			children = (
				55F7A59818DF4C61000E25A5 /* 1_h.png */,
				55F7A59918DF4C61000E25A5 /* 2_h.png */,
				55F7A59A18DF4C61000E25A5 /* 3_h.png */,
				55F7A59B18DF4C61000E25A5 /* cancel_h.png */,
				55F7A59C18DF4C61000E25A5 /* moreapp_h.png */,
				55F7A59D18DF4C61000E25A5 /* pause_h.png */,
				55F7A59E18DF4C61000E25A5 /* resume_h.png */,
				55F7A59F18DF4C61000E25A5 /* setting_h.png */,
				55F7A5A018DF4C61000E25A5 /* start_h.png */,
				55F7A5A118DF4C61000E25A5 /* store_h.png */,
				55F7A5A218DF4C61000E25A5 /* timer_h.png */,
			);
			name = highlight;
			sourceTree = "<group>";
		};
		5540329718B4E8B200C81505 /* res */ = {
			isa = PBXGroup;
			children = (
				55309E1218E7FDAC00B8B622 /* timer_sound.mp3 */,
				55309E1018E7292D00B8B622 /* highlight */,
				55309E0F18E7291100B8B622 /* icon */,
				55F7A57B18DE76D5000E25A5 /* 1.png */,
				55F7A57C18DE76D5000E25A5 /* 2.png */,
				55F7A57D18DE76D5000E25A5 /* 3.png */,
				55F7A57E18DE76D5000E25A5 /* cencel.png */,
				55F7A57F18DE76D5000E25A5 /* moreapp.png */,
				55F7A58018DE76D5000E25A5 /* pause.png */,
				55F7A58118DE76D5000E25A5 /* resume.png */,
				55F7A58218DE76D5000E25A5 /* setting.png */,
				55F7A58318DE76D5000E25A5 /* start.png */,
				55F7A58418DE76D5000E25A5 /* store.png */,
				55F7A58518DE76D5000E25A5 /* timer.png */,
			);
			name = res;
			sourceTree = "<group>";
		};
		5576D84118B3A54C008AD853 = {
			isa = PBXGroup;
			children = (
				5576D85318B3A54C008AD853 /* InstantlyTimer */,
				5576D84C18B3A54C008AD853 /* Frameworks */,
				5576D84B18B3A54C008AD853 /* Products */,
			);
			sourceTree = "<group>";
		};
		5576D84B18B3A54C008AD853 /* Products */ = {
			isa = PBXGroup;
			children = (
				5576D84A18B3A54C008AD853 /* InstantlyTimer.app */,
			);
			name = Products;
			sourceTree = "<group>";
		};
		5576D84C18B3A54C008AD853 /* Frameworks */ = {
			isa = PBXGroup;
			children = (
				55F7A59618DF3195000E25A5 /* AudioToolbox.framework */,
				55F7A59418DF3146000E25A5 /* AVFoundation.framework */,
				5512F29D18BCE14B0021CBB9 /* AdSupport.framework */,
				5576D84D18B3A54C008AD853 /* Foundation.framework */,
				5576D84F18B3A54C008AD853 /* CoreGraphics.framework */,
				5576D85118B3A54C008AD853 /* UIKit.framework */,
				5576D86F18B3A54D008AD853 /* XCTest.framework */,
			);
			name = Frameworks;
			sourceTree = "<group>";
		};
		5576D85318B3A54C008AD853 /* InstantlyTimer */ = {
			isa = PBXGroup;
			children = (
				552C6BBB18C896C800391FA2 /* Class */,
				5540329718B4E8B200C81505 /* res */,
				5576D88518B3A562008AD853 /* storyboard */,
				5576D86818B3A54D008AD853 /* Images.xcassets */,
				5576D85418B3A54C008AD853 /* Supporting Files */,
			);
			path = InstantlyTimer;
			sourceTree = "<group>";
		};
		5576D85418B3A54C008AD853 /* Supporting Files */ = {
			isa = PBXGroup;
			children = (
				5576D85518B3A54C008AD853 /* InstantlyTimer-Info.plist */,
				5576D85618B3A54C008AD853 /* InfoPlist.strings */,
				5576D85918B3A54C008AD853 /* main.m */,
				5576D85B18B3A54C008AD853 /* InstantlyTimer-Prefix.pch */,
				55D32FE518F64BB400BD8547 /* Localizable.strings */,
			);
			name = "Supporting Files";
			sourceTree = "<group>";
		};
		5576D88518B3A562008AD853 /* storyboard */ = {
			isa = PBXGroup;
			children = (
				5576D85F18B3A54D008AD853 /* Main_iPhone.storyboard */,
				5576D86218B3A54D008AD853 /* Main_iPad.storyboard */,
			);
			name = storyboard;
			sourceTree = "<group>";
		};
/* End PBXGroup section */

/* Begin PBXNativeTarget section */
		5576D84918B3A54C008AD853 /* InstantlyTimer */ = {
			isa = PBXNativeTarget;
			buildConfigurationList = 5576D87F18B3A54D008AD853 /* Build configuration list for PBXNativeTarget "InstantlyTimer" */;
			buildPhases = (
				5576D84618B3A54C008AD853 /* Sources */,
				5576D84718B3A54C008AD853 /* Frameworks */,
				5576D84818B3A54C008AD853 /* Resources */,
			);
			buildRules = (
			);
			dependencies = (
			);
			name = InstantlyTimer;
			productName = InstantlyTimer;
			productReference = 5576D84A18B3A54C008AD853 /* InstantlyTimer.app */;
			productType = "com.apple.product-type.application";
		};
/* End PBXNativeTarget section */

/* Begin PBXProject section */
		5576D84218B3A54C008AD853 /* Project object */ = {
			isa = PBXProject;
			attributes = {
				LastUpgradeCheck = 0500;
				ORGANIZATIONNAME = aiharakohei;
				TargetAttributes = {
					5576D84918B3A54C008AD853 = {
						DevelopmentTeam = 56Y5QT5GL8;
					};
				};
			};
			buildConfigurationList = 5576D84518B3A54C008AD853 /* Build configuration list for PBXProject "InstantlyTimer" */;
			compatibilityVersion = "Xcode 3.2";
			developmentRegion = English;
			hasScannedForEncodings = 0;
			knownRegions = (
				en,
				Base,
				ja,
			);
			mainGroup = 5576D84118B3A54C008AD853;
			productRefGroup = 5576D84B18B3A54C008AD853 /* Products */;
			projectDirPath = "";
			projectRoot = "";
			targets = (
				5576D84918B3A54C008AD853 /* InstantlyTimer */,
			);
		};
/* End PBXProject section */

/* Begin PBXResourcesBuildPhase section */
		5576D84818B3A54C008AD853 /* Resources */ = {
			isa = PBXResourcesBuildPhase;
			buildActionMask = 2147483647;
			files = (
				55309E0A18E7290A00B8B622 /* icon-58.png in Resources */,
				55309E0D18E7290A00B8B622 /* icon-114.png in Resources */,
				55309E0B18E7290A00B8B622 /* icon-76.png in Resources */,
				55F7A5A818DF4C61000E25A5 /* pause_h.png in Resources */,
				55F7A5A318DF4C61000E25A5 /* 1_h.png in Resources */,
				55F7A5A718DF4C61000E25A5 /* moreapp_h.png in Resources */,
				55309E1318E7FDAC00B8B622 /* timer_sound.mp3 in Resources */,
				55F7A58A18DE76D5000E25A5 /* moreapp.png in Resources */,
				552C6BCC18C9AF3F00391FA2 /* AMoAdSettings.txt in Resources */,
				55F7A58D18DE76D5000E25A5 /* setting.png in Resources */,
				55F7A5AC18DF4C61000E25A5 /* store_h.png in Resources */,
				55F7A59318DEE44B000E25A5 /* Icon-120.png in Resources */,
				55309E0918E7290A00B8B622 /* icon-40.png in Resources */,
				55309E0818E7290A00B8B622 /* icon-29.png in Resources */,
				55F7A5A918DF4C61000E25A5 /* resume_h.png in Resources */,
				55F7A58918DE76D5000E25A5 /* cencel.png in Resources */,
				55F7A5AD18DF4C61000E25A5 /* timer_h.png in Resources */,
				5576D86418B3A54D008AD853 /* Main_iPad.storyboard in Resources */,
				55F7A58B18DE76D5000E25A5 /* pause.png in Resources */,
				55F7A5A518DF4C61000E25A5 /* 3_h.png in Resources */,
				55F7A58E18DE76D5000E25A5 /* start.png in Resources */,
				55F7A5A418DF4C61000E25A5 /* 2_h.png in Resources */,
				55F7A58F18DE76D5000E25A5 /* store.png in Resources */,
				55F7A58718DE76D5000E25A5 /* 2.png in Resources */,
				55F7A58C18DE76D5000E25A5 /* resume.png in Resources */,
				55309E0E18E7290A00B8B622 /* icon-152.png in Resources */,
				55309E1518E859E500B8B622 /* icon-57.png in Resources */,
				55F7A58818DE76D5000E25A5 /* 3.png in Resources */,
				5576D86918B3A54D008AD853 /* Images.xcassets in Resources */,
				55F7A5AA18DF4C61000E25A5 /* setting_h.png in Resources */,
				55F7A58618DE76D5000E25A5 /* 1.png in Resources */,
				55F7A5AB18DF4C61000E25A5 /* start_h.png in Resources */,
				55F7A59018DE76D5000E25A5 /* timer.png in Resources */,
				5576D86118B3A54D008AD853 /* Main_iPhone.storyboard in Resources */,
				55F7A5A618DF4C61000E25A5 /* cancel_h.png in Resources */,
				55D32FE318F64BB400BD8547 /* Localizable.strings in Resources */,
				5576D85818B3A54C008AD853 /* InfoPlist.strings in Resources */,
				55309E0C18E7290A00B8B622 /* icon-80.png in Resources */,
			);
			runOnlyForDeploymentPostprocessing = 0;
		};
/* End PBXResourcesBuildPhase section */

/* Begin PBXSourcesBuildPhase section */
		5576D84618B3A54C008AD853 /* Sources */ = {
			isa = PBXSourcesBuildPhase;
			buildActionMask = 2147483647;
			files = (
				554032A018B4EB2200C81505 /* TimerView.m in Sources */,
				5576D86718B3A54D008AD853 /* MainViewController.m in Sources */,
				5540329A18B4EAEB00C81505 /* SettingView.m in Sources */,
				5576D85E18B3A54C008AD853 /* AppDelegate.m in Sources */,
				5576D85A18B3A54C008AD853 /* main.m in Sources */,
				5540329D18B4EB0400C81505 /* StartView.m in Sources */,
			);
			runOnlyForDeploymentPostprocessing = 0;
		};
/* End PBXSourcesBuildPhase section */

/* Begin PBXVariantGroup section */
		5576D85618B3A54C008AD853 /* InfoPlist.strings */ = {
			isa = PBXVariantGroup;
			children = (
				5576D85718B3A54C008AD853 /* en */,
				55D32FDF18F61F8F00BD8547 /* ja */,
			);
			name = InfoPlist.strings;
			sourceTree = "<group>";
		};
		5576D85F18B3A54D008AD853 /* Main_iPhone.storyboard */ = {
			isa = PBXVariantGroup;
			children = (
				5576D86018B3A54D008AD853 /* Base */,
			);
			name = Main_iPhone.storyboard;
			sourceTree = "<group>";
		};
		5576D86218B3A54D008AD853 /* Main_iPad.storyboard */ = {
			isa = PBXVariantGroup;
			children = (
				5576D86318B3A54D008AD853 /* Base */,
			);
			name = Main_iPad.storyboard;
			sourceTree = "<group>";
		};
		55D32FE518F64BB400BD8547 /* Localizable.strings */ = {
			isa = PBXVariantGroup;
			children = (
				55D32FE418F64BB400BD8547 /* en */,
				55D32FEB18F64C0800BD8547 /* ja */,
			);
			name = Localizable.strings;
			sourceTree = "<group>";
		};
/* End PBXVariantGroup section */

/* Begin XCBuildConfiguration section */
		5576D87D18B3A54D008AD853 /* Debug */ = {
			isa = XCBuildConfiguration;
			buildSettings = {
				ALWAYS_SEARCH_USER_PATHS = NO;
				ARCHS = "$(ARCHS_STANDARD)";
				CLANG_CXX_LANGUAGE_STANDARD = "gnu++0x";
				CLANG_CXX_LIBRARY = "libc++";
				CLANG_ENABLE_MODULES = YES;
				CLANG_ENABLE_OBJC_ARC = YES;
				CLANG_WARN_BOOL_CONVERSION = YES;
				CLANG_WARN_CONSTANT_CONVERSION = YES;
				CLANG_WARN_DIRECT_OBJC_ISA_USAGE = YES_ERROR;
				CLANG_WARN_EMPTY_BODY = YES;
				CLANG_WARN_ENUM_CONVERSION = YES;
				CLANG_WARN_INT_CONVERSION = YES;
				CLANG_WARN_OBJC_ROOT_CLASS = YES_ERROR;
				CLANG_WARN__DUPLICATE_METHOD_MATCH = YES;
				CODE_SIGN_IDENTITY = "iPhone Developer: kohei aihara (2T38CDKLQR)";
				"CODE_SIGN_IDENTITY[sdk=iphoneos*]" = "iPhone Developer: kohei aihara (2T38CDKLQR)";
				COPY_PHASE_STRIP = NO;
				GCC_C_LANGUAGE_STANDARD = gnu99;
				GCC_DYNAMIC_NO_PIC = NO;
				GCC_OPTIMIZATION_LEVEL = 0;
				GCC_PREPROCESSOR_DEFINITIONS = (
					"DEBUG=1",
					"$(inherited)",
				);
				GCC_SYMBOLS_PRIVATE_EXTERN = NO;
				GCC_WARN_64_TO_32_BIT_CONVERSION = YES;
				GCC_WARN_ABOUT_RETURN_TYPE = YES_ERROR;
				GCC_WARN_UNDECLARED_SELECTOR = YES;
				GCC_WARN_UNINITIALIZED_AUTOS = YES;
				GCC_WARN_UNUSED_FUNCTION = YES;
				GCC_WARN_UNUSED_VARIABLE = YES;
				IPHONEOS_DEPLOYMENT_TARGET = 7.0;
				ONLY_ACTIVE_ARCH = NO;
				PROVISIONING_PROFILE = "40FF2212-84BE-4343-9F1C-D865F59A2E27";
				SDKROOT = iphoneos;
				TARGETED_DEVICE_FAMILY = "1,2";
				VALID_ARCHS = "armv7 armv7s";
			};
			name = Debug;
		};
		5576D87E18B3A54D008AD853 /* Release */ = {
			isa = XCBuildConfiguration;
			buildSettings = {
				ALWAYS_SEARCH_USER_PATHS = NO;
				ARCHS = "$(ARCHS_STANDARD)";
				CLANG_CXX_LANGUAGE_STANDARD = "gnu++0x";
				CLANG_CXX_LIBRARY = "libc++";
				CLANG_ENABLE_MODULES = YES;
				CLANG_ENABLE_OBJC_ARC = YES;
				CLANG_WARN_BOOL_CONVERSION = YES;
				CLANG_WARN_CONSTANT_CONVERSION = YES;
				CLANG_WARN_DIRECT_OBJC_ISA_USAGE = YES_ERROR;
				CLANG_WARN_EMPTY_BODY = YES;
				CLANG_WARN_ENUM_CONVERSION = YES;
				CLANG_WARN_INT_CONVERSION = YES;
				CLANG_WARN_OBJC_ROOT_CLASS = YES_ERROR;
				CLANG_WARN__DUPLICATE_METHOD_MATCH = YES;
				CODE_SIGN_IDENTITY = "iPhone Distribution: kohei aihara (56Y5QT5GL8)";
				"CODE_SIGN_IDENTITY[sdk=iphoneos*]" = "iPhone Distribution: kohei aihara (56Y5QT5GL8)";
				COPY_PHASE_STRIP = YES;
				ENABLE_NS_ASSERTIONS = NO;
				GCC_C_LANGUAGE_STANDARD = gnu99;
				GCC_WARN_64_TO_32_BIT_CONVERSION = YES;
				GCC_WARN_ABOUT_RETURN_TYPE = YES_ERROR;
				GCC_WARN_UNDECLARED_SELECTOR = YES;
				GCC_WARN_UNINITIALIZED_AUTOS = YES;
				GCC_WARN_UNUSED_FUNCTION = YES;
				GCC_WARN_UNUSED_VARIABLE = YES;
				IPHONEOS_DEPLOYMENT_TARGET = 7.0;
				PROVISIONING_PROFILE = "E39891D7-7A16-4B5C-847B-2CB3F94B2E3D";
				SDKROOT = iphoneos;
				TARGETED_DEVICE_FAMILY = "1,2";
				VALIDATE_PRODUCT = YES;
				VALID_ARCHS = "armv7 armv7s";
			};
			name = Release;
		};
		5576D88018B3A54D008AD853 /* Debug */ = {
			isa = XCBuildConfiguration;
			buildSettings = {
				ARCHS = "$(ARCHS_STANDARD)";
				ASSETCATALOG_COMPILER_LAUNCHIMAGE_NAME = LaunchImage;
				CODE_SIGN_IDENTITY = "iPhone Developer: kohei aihara (2T38CDKLQR)";
				FRAMEWORK_SEARCH_PATHS = /Users/kohei/Desktop/individsual/InstantlyTimer;
				GCC_PRECOMPILE_PREFIX_HEADER = YES;
				GCC_PREFIX_HEADER = "InstantlyTimer/InstantlyTimer-Prefix.pch";
				INFOPLIST_FILE = "InstantlyTimer/InstantlyTimer-Info.plist";
				IPHONEOS_DEPLOYMENT_TARGET = 7.0;
				LIBRARY_SEARCH_PATHS = (
					"$(inherited)",
					/Users/kohei/Desktop/individsual/InstantlyTimer/InstantlyTimer/applipromotion,
				);
				ONLY_ACTIVE_ARCH = NO;
				PRODUCT_NAME = "$(TARGET_NAME)";
				PROVISIONING_PROFILE = "40FF2212-84BE-4343-9F1C-D865F59A2E27";
				TARGETED_DEVICE_FAMILY = 1;
				VALID_ARCHS = "armv7 armv7s";
				WRAPPER_EXTENSION = app;
			};
			name = Debug;
		};
		5576D88118B3A54D008AD853 /* Release */ = {
			isa = XCBuildConfiguration;
			buildSettings = {
				ARCHS = "$(ARCHS_STANDARD)";
				ASSETCATALOG_COMPILER_LAUNCHIMAGE_NAME = LaunchImage;
				CODE_SIGN_IDENTITY = "iPhone Distribution: kohei aihara (56Y5QT5GL8)";
				FRAMEWORK_SEARCH_PATHS = /Users/kohei/Desktop/individsual/InstantlyTimer;
				GCC_PRECOMPILE_PREFIX_HEADER = YES;
				GCC_PREFIX_HEADER = "InstantlyTimer/InstantlyTimer-Prefix.pch";
				INFOPLIST_FILE = "InstantlyTimer/InstantlyTimer-Info.plist";
				IPHONEOS_DEPLOYMENT_TARGET = 7.0;
				LIBRARY_SEARCH_PATHS = (
					"$(inherited)",
					/Users/kohei/Desktop/individsual/InstantlyTimer/InstantlyTimer/applipromotion,
				);
				ONLY_ACTIVE_ARCH = NO;
				PRODUCT_NAME = "$(TARGET_NAME)";
				PROVISIONING_PROFILE = "E39891D7-7A16-4B5C-847B-2CB3F94B2E3D";
				TARGETED_DEVICE_FAMILY = 1;
				VALID_ARCHS = "armv7 armv7s";
				WRAPPER_EXTENSION = app;
			};
			name = Release;
		};
/* End XCBuildConfiguration section */

/* Begin XCConfigurationList section */
		5576D84518B3A54C008AD853 /* Build configuration list for PBXProject "InstantlyTimer" */ = {
			isa = XCConfigurationList;
			buildConfigurations = (
				5576D87D18B3A54D008AD853 /* Debug */,
				5576D87E18B3A54D008AD853 /* Release */,
			);
			defaultConfigurationIsVisible = 0;
			defaultConfigurationName = Release;
		};
		5576D87F18B3A54D008AD853 /* Build configuration list for PBXNativeTarget "InstantlyTimer" */ = {
			isa = XCConfigurationList;
			buildConfigurations = (
				5576D88018B3A54D008AD853 /* Debug */,
				5576D88118B3A54D008AD853 /* Release */,
			);
			defaultConfigurationIsVisible = 0;
			defaultConfigurationName = Release;
		};
/* End XCConfigurationList section */
	};
	rootObject = 5576D84218B3A54C008AD853 /* Project object */;
}
